
Microsoft Visual Studio Solution File, Format Version 12.00
# Visual Studio Version 17
VisualStudioVersion = 17.3.32922.545
MinimumVisualStudioVersion = 10.0.40219.1
Project("{FAE04EC0-301F-11D3-BF4B-00C04F79EFBC}") = "Plannabelle-MVC", "Plannabelle-MVC\Plannabelle-MVC.csproj", "{D10F5427-265E-412B-A48D-9B9112FC2672}"
EndProject
Project("{FAE04EC0-301F-11D3-BF4B-00C04F79EFBC}") = "PlannabelleClassLibrary", "PlannabelleClassLibrary\PlannabelleClassLibrary.csproj", "{B95C6504-4124-4FD4-B90A-DB33BB981297}"
EndProject
Global
	GlobalSection(SolutionConfigurationPlatforms) = preSolution
		Debug|Any CPU = Debug|Any CPU
		Release|Any CPU = Release|Any CPU
	EndGlobalSection
	GlobalSection(ProjectConfigurationPlatforms) = postSolution
		{D10F5427-265E-412B-A48D-9B9112FC2672}.Debug|Any CPU.ActiveCfg = Debug|Any CPU
		{D10F5427-265E-412B-A48D-9B9112FC2672}.Debug|Any CPU.Build.0 = Debug|Any CPU
		{D10F5427-265E-412B-A48D-9B9112FC2672}.Release|Any CPU.ActiveCfg = Release|Any CPU
		{D10F5427-265E-412B-A48D-9B9112FC2672}.Release|Any CPU.Build.0 = Release|Any CPU
		{B95C6504-4124-4FD4-B90A-DB33BB981297}.Debug|Any CPU.ActiveCfg = Debug|Any CPU
		{B95C6504-4124-4FD4-B90A-DB33BB981297}.Debug|Any CPU.Build.0 = Debug|Any CPU
		{B95C6504-4124-4FD4-B90A-DB33BB981297}.Release|Any CPU.ActiveCfg = Release|Any CPU
		{B95C6504-4124-4FD4-B90A-DB33BB981297}.Release|Any CPU.Build.0 = Release|Any CPU
	EndGlobalSection
	GlobalSection(SolutionProperties) = preSolution
		HideSolutionNode = FALSE
	EndGlobalSection
	GlobalSection(ExtensibilityGlobals) = postSolution
		SolutionGuid = {2AF2EFEA-B3E8-41BE-AE18-B0FB5515C228}
	EndGlobalSection
EndGlobal
