
Microsoft Visual Studio Solution File, Format Version 12.00
# Visual Studio Version 17
VisualStudioVersion = 17.3.32922.545
MinimumVisualStudioVersion = 10.0.40219.1
Project("{FAE04EC0-301F-11D3-BF4B-00C04F79EFBC}") = "Plannabelle-AspNetMVC", "Plannabelle-AspNetMVC\Plannabelle-AspNetMVC.csproj", "{06F60DA5-FC80-4D26-ADF2-D814FBB582C5}"
EndProject
Project("{9A19103F-16F7-4668-BE54-9A1E7A4F7556}") = "PlannabelleClassLibrary", "..\Plannabelle\PlannabelleClassLibrary\PlannabelleClassLibrary\PlannabelleClassLibrary.csproj", "{6187C1B4-375E-4D59-9ABA-EB888A97119C}"
EndProject
Global
	GlobalSection(SolutionConfigurationPlatforms) = preSolution
		Debug|Any CPU = Debug|Any CPU
		Release|Any CPU = Release|Any CPU
	EndGlobalSection
	GlobalSection(ProjectConfigurationPlatforms) = postSolution
		{06F60DA5-FC80-4D26-ADF2-D814FBB582C5}.Debug|Any CPU.ActiveCfg = Debug|Any CPU
		{06F60DA5-FC80-4D26-ADF2-D814FBB582C5}.Debug|Any CPU.Build.0 = Debug|Any CPU
		{06F60DA5-FC80-4D26-ADF2-D814FBB582C5}.Release|Any CPU.ActiveCfg = Release|Any CPU
		{06F60DA5-FC80-4D26-ADF2-D814FBB582C5}.Release|Any CPU.Build.0 = Release|Any CPU
		{6187C1B4-375E-4D59-9ABA-EB888A97119C}.Debug|Any CPU.ActiveCfg = Debug|Any CPU
		{6187C1B4-375E-4D59-9ABA-EB888A97119C}.Debug|Any CPU.Build.0 = Debug|Any CPU
		{6187C1B4-375E-4D59-9ABA-EB888A97119C}.Release|Any CPU.ActiveCfg = Release|Any CPU
		{6187C1B4-375E-4D59-9ABA-EB888A97119C}.Release|Any CPU.Build.0 = Release|Any CPU
	EndGlobalSection
	GlobalSection(SolutionProperties) = preSolution
		HideSolutionNode = FALSE
	EndGlobalSection
	GlobalSection(ExtensibilityGlobals) = postSolution
		SolutionGuid = {0FD1247E-B6D0-475F-9101-F60837A9E5F1}
	EndGlobalSection
EndGlobal
